// !$*UTF8*$!
{
	archiveVersion = 1;
	classes = {
	};
	objectVersion = 56;
	objects = {

/* Begin PBXBuildFile section */
		9A8D289D2BDEC64600026530 /* chef_deliveryApp.swift in Sources */ = {isa = PBXBuildFile; fileRef = 9A8D289C2BDEC64600026530 /* chef_deliveryApp.swift */; };
		9A8D289F2BDEC64600026530 /* ContentView.swift in Sources */ = {isa = PBXBuildFile; fileRef = 9A8D289E2BDEC64600026530 /* ContentView.swift */; };
		9A8D28A12BDEC64700026530 /* Assets.xcassets in Resources */ = {isa = PBXBuildFile; fileRef = 9A8D28A02BDEC64700026530 /* Assets.xcassets */; };
		9A8D28A52BDEC64700026530 /* Preview Assets.xcassets in Resources */ = {isa = PBXBuildFile; fileRef = 9A8D28A42BDEC64700026530 /* Preview Assets.xcassets */; };
		9A8D28AF2BDEC64700026530 /* chef_deliveryTests.swift in Sources */ = {isa = PBXBuildFile; fileRef = 9A8D28AE2BDEC64700026530 /* chef_deliveryTests.swift */; };
		9A8D28B92BDEC64700026530 /* chef_deliveryUITests.swift in Sources */ = {isa = PBXBuildFile; fileRef = 9A8D28B82BDEC64700026530 /* chef_deliveryUITests.swift */; };
		9A8D28BB2BDEC64700026530 /* chef_deliveryUITestsLaunchTests.swift in Sources */ = {isa = PBXBuildFile; fileRef = 9A8D28BA2BDEC64700026530 /* chef_deliveryUITestsLaunchTests.swift */; };
		9A8D29272BDECCAC00026530 /* NavigationBar.swift in Sources */ = {isa = PBXBuildFile; fileRef = 9A8D29262BDECCAC00026530 /* NavigationBar.swift */; };
		9AFD0DEE2BDFCD25002B732E /* OrderTypeGridView.swift in Sources */ = {isa = PBXBuildFile; fileRef = 9AFD0DED2BDFCD25002B732E /* OrderTypeGridView.swift */; };
		9AFD0DF12BDFD09D002B732E /* OrderType.swift in Sources */ = {isa = PBXBuildFile; fileRef = 9AFD0DF02BDFD09D002B732E /* OrderType.swift */; };
		9AFD0DF32BDFD123002B732E /* DataSourceMock.swift in Sources */ = {isa = PBXBuildFile; fileRef = 9AFD0DF22BDFD123002B732E /* DataSourceMock.swift */; };
		9AFD0DF52BDFD36B002B732E /* OrderTypeView.swift in Sources */ = {isa = PBXBuildFile; fileRef = 9AFD0DF42BDFD36B002B732E /* OrderTypeView.swift */; };
		9AFD0E262BDFDC1B002B732E /* CarouselItemView.swift in Sources */ = {isa = PBXBuildFile; fileRef = 9AFD0E252BDFDC1B002B732E /* CarouselItemView.swift */; };
		9AFD0E282BDFDD92002B732E /* CarouselTabView.swift in Sources */ = {isa = PBXBuildFile; fileRef = 9AFD0E272BDFDD92002B732E /* CarouselTabView.swift */; };
		9AFD0E2B2BDFE030002B732E /* StoreItemView.swift in Sources */ = {isa = PBXBuildFile; fileRef = 9AFD0E2A2BDFE030002B732E /* StoreItemView.swift */; };
		9AFD0E2D2BDFE202002B732E /* StoresContainerView.swift in Sources */ = {isa = PBXBuildFile; fileRef = 9AFD0E2C2BDFE202002B732E /* StoresContainerView.swift */; };
/* End PBXBuildFile section */

/* Begin PBXContainerItemProxy section */
		9A8D28AB2BDEC64700026530 /* PBXContainerItemProxy */ = {
			isa = PBXContainerItemProxy;
			containerPortal = 9A8D28912BDEC64600026530 /* Project object */;
			proxyType = 1;
			remoteGlobalIDString = 9A8D28982BDEC64600026530;
			remoteInfo = "chef-delivery";
		};
		9A8D28B52BDEC64700026530 /* PBXContainerItemProxy */ = {
			isa = PBXContainerItemProxy;
			containerPortal = 9A8D28912BDEC64600026530 /* Project object */;
			proxyType = 1;
			remoteGlobalIDString = 9A8D28982BDEC64600026530;
			remoteInfo = "chef-delivery";
		};
/* End PBXContainerItemProxy section */

/* Begin PBXFileReference section */
		9A8D28992BDEC64600026530 /* chef-delivery.app */ = {isa = PBXFileReference; explicitFileType = wrapper.application; includeInIndex = 0; path = "chef-delivery.app"; sourceTree = BUILT_PRODUCTS_DIR; };
		9A8D289C2BDEC64600026530 /* chef_deliveryApp.swift */ = {isa = PBXFileReference; lastKnownFileType = sourcecode.swift; path = chef_deliveryApp.swift; sourceTree = "<group>"; };
		9A8D289E2BDEC64600026530 /* ContentView.swift */ = {isa = PBXFileReference; lastKnownFileType = sourcecode.swift; path = ContentView.swift; sourceTree = "<group>"; };
		9A8D28A02BDEC64700026530 /* Assets.xcassets */ = {isa = PBXFileReference; lastKnownFileType = folder.assetcatalog; path = Assets.xcassets; sourceTree = "<group>"; };
		9A8D28A22BDEC64700026530 /* chef_delivery.entitlements */ = {isa = PBXFileReference; lastKnownFileType = text.plist.entitlements; path = chef_delivery.entitlements; sourceTree = "<group>"; };
		9A8D28A42BDEC64700026530 /* Preview Assets.xcassets */ = {isa = PBXFileReference; lastKnownFileType = folder.assetcatalog; path = "Preview Assets.xcassets"; sourceTree = "<group>"; };
		9A8D28AA2BDEC64700026530 /* chef-deliveryTests.xctest */ = {isa = PBXFileReference; explicitFileType = wrapper.cfbundle; includeInIndex = 0; path = "chef-deliveryTests.xctest"; sourceTree = BUILT_PRODUCTS_DIR; };
		9A8D28AE2BDEC64700026530 /* chef_deliveryTests.swift */ = {isa = PBXFileReference; lastKnownFileType = sourcecode.swift; path = chef_deliveryTests.swift; sourceTree = "<group>"; };
		9A8D28B42BDEC64700026530 /* chef-deliveryUITests.xctest */ = {isa = PBXFileReference; explicitFileType = wrapper.cfbundle; includeInIndex = 0; path = "chef-deliveryUITests.xctest"; sourceTree = BUILT_PRODUCTS_DIR; };
		9A8D28B82BDEC64700026530 /* chef_deliveryUITests.swift */ = {isa = PBXFileReference; lastKnownFileType = sourcecode.swift; path = chef_deliveryUITests.swift; sourceTree = "<group>"; };
		9A8D28BA2BDEC64700026530 /* chef_deliveryUITestsLaunchTests.swift */ = {isa = PBXFileReference; lastKnownFileType = sourcecode.swift; path = chef_deliveryUITestsLaunchTests.swift; sourceTree = "<group>"; };
		9A8D29262BDECCAC00026530 /* NavigationBar.swift */ = {isa = PBXFileReference; lastKnownFileType = sourcecode.swift; path = NavigationBar.swift; sourceTree = "<group>"; };
		9AFD0DED2BDFCD25002B732E /* OrderTypeGridView.swift */ = {isa = PBXFileReference; lastKnownFileType = sourcecode.swift; path = OrderTypeGridView.swift; sourceTree = "<group>"; };
		9AFD0DF02BDFD09D002B732E /* OrderType.swift */ = {isa = PBXFileReference; lastKnownFileType = sourcecode.swift; path = OrderType.swift; sourceTree = "<group>"; };
		9AFD0DF22BDFD123002B732E /* DataSourceMock.swift */ = {isa = PBXFileReference; lastKnownFileType = sourcecode.swift; path = DataSourceMock.swift; sourceTree = "<group>"; };
		9AFD0DF42BDFD36B002B732E /* OrderTypeView.swift */ = {isa = PBXFileReference; lastKnownFileType = sourcecode.swift; path = OrderTypeView.swift; sourceTree = "<group>"; };
		9AFD0E252BDFDC1B002B732E /* CarouselItemView.swift */ = {isa = PBXFileReference; lastKnownFileType = sourcecode.swift; path = CarouselItemView.swift; sourceTree = "<group>"; };
		9AFD0E272BDFDD92002B732E /* CarouselTabView.swift */ = {isa = PBXFileReference; lastKnownFileType = sourcecode.swift; path = CarouselTabView.swift; sourceTree = "<group>"; };
		9AFD0E2A2BDFE030002B732E /* StoreItemView.swift */ = {isa = PBXFileReference; lastKnownFileType = sourcecode.swift; path = StoreItemView.swift; sourceTree = "<group>"; };
		9AFD0E2C2BDFE202002B732E /* StoresContainerView.swift */ = {isa = PBXFileReference; lastKnownFileType = sourcecode.swift; path = StoresContainerView.swift; sourceTree = "<group>"; };
/* End PBXFileReference section */

/* Begin PBXFrameworksBuildPhase section */
		9A8D28962BDEC64600026530 /* Frameworks */ = {
			isa = PBXFrameworksBuildPhase;
			buildActionMask = 2147483647;
			files = (
			);
			runOnlyForDeploymentPostprocessing = 0;
		};
		9A8D28A72BDEC64700026530 /* Frameworks */ = {
			isa = PBXFrameworksBuildPhase;
			buildActionMask = 2147483647;
			files = (
			);
			runOnlyForDeploymentPostprocessing = 0;
		};
		9A8D28B12BDEC64700026530 /* Frameworks */ = {
			isa = PBXFrameworksBuildPhase;
			buildActionMask = 2147483647;
			files = (
			);
			runOnlyForDeploymentPostprocessing = 0;
		};
/* End PBXFrameworksBuildPhase section */

/* Begin PBXGroup section */
		9A8D28902BDEC64600026530 = {
			isa = PBXGroup;
			children = (
				9A8D289B2BDEC64600026530 /* chef-delivery */,
				9A8D28AD2BDEC64700026530 /* chef-deliveryTests */,
				9A8D28B72BDEC64700026530 /* chef-deliveryUITests */,
				9A8D289A2BDEC64600026530 /* Products */,
			);
			sourceTree = "<group>";
		};
		9A8D289A2BDEC64600026530 /* Products */ = {
			isa = PBXGroup;
			children = (
				9A8D28992BDEC64600026530 /* chef-delivery.app */,
				9A8D28AA2BDEC64700026530 /* chef-deliveryTests.xctest */,
				9A8D28B42BDEC64700026530 /* chef-deliveryUITests.xctest */,
			);
			name = Products;
			sourceTree = "<group>";
		};
		9A8D289B2BDEC64600026530 /* chef-delivery */ = {
			isa = PBXGroup;
			children = (
				9A8D29242BDECC8700026530 /* App */,
				9AFD0DEF2BDFD082002B732E /* Model */,
				9AFD0E232BDFDBD0002B732E /* Components */,
				9A8D28A02BDEC64700026530 /* Assets.xcassets */,
				9A8D28A22BDEC64700026530 /* chef_delivery.entitlements */,
				9A8D28A32BDEC64700026530 /* Preview Content */,
			);
			path = "chef-delivery";
			sourceTree = "<group>";
		};
		9A8D28A32BDEC64700026530 /* Preview Content */ = {
			isa = PBXGroup;
			children = (
				9A8D28A42BDEC64700026530 /* Preview Assets.xcassets */,
			);
			path = "Preview Content";
			sourceTree = "<group>";
		};
		9A8D28AD2BDEC64700026530 /* chef-deliveryTests */ = {
			isa = PBXGroup;
			children = (
				9A8D28AE2BDEC64700026530 /* chef_deliveryTests.swift */,
			);
			path = "chef-deliveryTests";
			sourceTree = "<group>";
		};
		9A8D28B72BDEC64700026530 /* chef-deliveryUITests */ = {
			isa = PBXGroup;
			children = (
				9A8D28B82BDEC64700026530 /* chef_deliveryUITests.swift */,
				9A8D28BA2BDEC64700026530 /* chef_deliveryUITestsLaunchTests.swift */,
			);
			path = "chef-deliveryUITests";
			sourceTree = "<group>";
		};
		9A8D29242BDECC8700026530 /* App */ = {
			isa = PBXGroup;
			children = (
				9A8D289C2BDEC64600026530 /* chef_deliveryApp.swift */,
				9A8D289E2BDEC64600026530 /* ContentView.swift */,
			);
			path = App;
			sourceTree = "<group>";
		};
		9A8D29252BDECC9300026530 /* NavigationBar */ = {
			isa = PBXGroup;
			children = (
				9A8D29262BDECCAC00026530 /* NavigationBar.swift */,
			);
			path = NavigationBar;
			sourceTree = "<group>";
		};
		9AFD0DEC2BDFCD05002B732E /* GridView */ = {
			isa = PBXGroup;
			children = (
				9AFD0DED2BDFCD25002B732E /* OrderTypeGridView.swift */,
				9AFD0DF42BDFD36B002B732E /* OrderTypeView.swift */,
			);
			path = GridView;
			sourceTree = "<group>";
		};
		9AFD0DEF2BDFD082002B732E /* Model */ = {
			isa = PBXGroup;
			children = (
				9AFD0DF02BDFD09D002B732E /* OrderType.swift */,
				9AFD0DF22BDFD123002B732E /* DataSourceMock.swift */,
			);
			path = Model;
			sourceTree = "<group>";
		};
		9AFD0E232BDFDBD0002B732E /* Components */ = {
			isa = PBXGroup;
			children = (
				9AFD0E242BDFDBFB002B732E /* CarouselItem */,
				9AFD0DEC2BDFCD05002B732E /* GridView */,
				9A8D29252BDECC9300026530 /* NavigationBar */,
				9AFD0E292BDFE012002B732E /* StoresView */,
			);
			path = Components;
			sourceTree = "<group>";
		};
		9AFD0E242BDFDBFB002B732E /* CarouselItem */ = {
			isa = PBXGroup;
			children = (
				9AFD0E252BDFDC1B002B732E /* CarouselItemView.swift */,
				9AFD0E272BDFDD92002B732E /* CarouselTabView.swift */,
			);
			path = CarouselItem;
			sourceTree = "<group>";
		};
		9AFD0E292BDFE012002B732E /* StoresView */ = {
			isa = PBXGroup;
			children = (
				9AFD0E2A2BDFE030002B732E /* StoreItemView.swift */,
				9AFD0E2C2BDFE202002B732E /* StoresContainerView.swift */,
			);
			path = StoresView;
			sourceTree = "<group>";
		};
/* End PBXGroup section */

/* Begin PBXNativeTarget section */
		9A8D28982BDEC64600026530 /* chef-delivery */ = {
			isa = PBXNativeTarget;
			buildConfigurationList = 9A8D28BE2BDEC64700026530 /* Build configuration list for PBXNativeTarget "chef-delivery" */;
			buildPhases = (
				9A8D28952BDEC64600026530 /* Sources */,
				9A8D28962BDEC64600026530 /* Frameworks */,
				9A8D28972BDEC64600026530 /* Resources */,
			);
			buildRules = (
			);
			dependencies = (
			);
			name = "chef-delivery";
			productName = "chef-delivery";
			productReference = 9A8D28992BDEC64600026530 /* chef-delivery.app */;
			productType = "com.apple.product-type.application";
		};
		9A8D28A92BDEC64700026530 /* chef-deliveryTests */ = {
			isa = PBXNativeTarget;
			buildConfigurationList = 9A8D28C12BDEC64700026530 /* Build configuration list for PBXNativeTarget "chef-deliveryTests" */;
			buildPhases = (
				9A8D28A62BDEC64700026530 /* Sources */,
				9A8D28A72BDEC64700026530 /* Frameworks */,
				9A8D28A82BDEC64700026530 /* Resources */,
			);
			buildRules = (
			);
			dependencies = (
				9A8D28AC2BDEC64700026530 /* PBXTargetDependency */,
			);
			name = "chef-deliveryTests";
			productName = "chef-deliveryTests";
			productReference = 9A8D28AA2BDEC64700026530 /* chef-deliveryTests.xctest */;
			productType = "com.apple.product-type.bundle.unit-test";
		};
		9A8D28B32BDEC64700026530 /* chef-deliveryUITests */ = {
			isa = PBXNativeTarget;
			buildConfigurationList = 9A8D28C42BDEC64700026530 /* Build configuration list for PBXNativeTarget "chef-deliveryUITests" */;
			buildPhases = (
				9A8D28B02BDEC64700026530 /* Sources */,
				9A8D28B12BDEC64700026530 /* Frameworks */,
				9A8D28B22BDEC64700026530 /* Resources */,
			);
			buildRules = (
			);
			dependencies = (
				9A8D28B62BDEC64700026530 /* PBXTargetDependency */,
			);
			name = "chef-deliveryUITests";
			productName = "chef-deliveryUITests";
			productReference = 9A8D28B42BDEC64700026530 /* chef-deliveryUITests.xctest */;
			productType = "com.apple.product-type.bundle.ui-testing";
		};
/* End PBXNativeTarget section */

/* Begin PBXProject section */
		9A8D28912BDEC64600026530 /* Project object */ = {
			isa = PBXProject;
			attributes = {
				BuildIndependentTargetsInParallel = 1;
				LastSwiftUpdateCheck = 1530;
				LastUpgradeCheck = 1530;
				TargetAttributes = {
					9A8D28982BDEC64600026530 = {
						CreatedOnToolsVersion = 15.3;
					};
					9A8D28A92BDEC64700026530 = {
						CreatedOnToolsVersion = 15.3;
						TestTargetID = 9A8D28982BDEC64600026530;
					};
					9A8D28B32BDEC64700026530 = {
						CreatedOnToolsVersion = 15.3;
						TestTargetID = 9A8D28982BDEC64600026530;
					};
				};
			};
			buildConfigurationList = 9A8D28942BDEC64600026530 /* Build configuration list for PBXProject "chef-delivery" */;
			compatibilityVersion = "Xcode 14.0";
			developmentRegion = en;
			hasScannedForEncodings = 0;
			knownRegions = (
				en,
				Base,
			);
			mainGroup = 9A8D28902BDEC64600026530;
			productRefGroup = 9A8D289A2BDEC64600026530 /* Products */;
			projectDirPath = "";
			projectRoot = "";
			targets = (
				9A8D28982BDEC64600026530 /* chef-delivery */,
				9A8D28A92BDEC64700026530 /* chef-deliveryTests */,
				9A8D28B32BDEC64700026530 /* chef-deliveryUITests */,
			);
		};
/* End PBXProject section */

/* Begin PBXResourcesBuildPhase section */
		9A8D28972BDEC64600026530 /* Resources */ = {
			isa = PBXResourcesBuildPhase;
			buildActionMask = 2147483647;
			files = (
				9A8D28A52BDEC64700026530 /* Preview Assets.xcassets in Resources */,
				9A8D28A12BDEC64700026530 /* Assets.xcassets in Resources */,
			);
			runOnlyForDeploymentPostprocessing = 0;
		};
		9A8D28A82BDEC64700026530 /* Resources */ = {
			isa = PBXResourcesBuildPhase;
			buildActionMask = 2147483647;
			files = (
			);
			runOnlyForDeploymentPostprocessing = 0;
		};
		9A8D28B22BDEC64700026530 /* Resources */ = {
			isa = PBXResourcesBuildPhase;
			buildActionMask = 2147483647;
			files = (
			);
			runOnlyForDeploymentPostprocessing = 0;
		};
/* End PBXResourcesBuildPhase section */

/* Begin PBXSourcesBuildPhase section */
		9A8D28952BDEC64600026530 /* Sources */ = {
			isa = PBXSourcesBuildPhase;
			buildActionMask = 2147483647;
			files = (
				9AFD0DF12BDFD09D002B732E /* OrderType.swift in Sources */,
				9AFD0E262BDFDC1B002B732E /* CarouselItemView.swift in Sources */,
				9A8D289F2BDEC64600026530 /* ContentView.swift in Sources */,
				9AFD0DF32BDFD123002B732E /* DataSourceMock.swift in Sources */,
				9AFD0E2D2BDFE202002B732E /* StoresContainerView.swift in Sources */,
				9AFD0DF52BDFD36B002B732E /* OrderTypeView.swift in Sources */,
				9AFD0E2B2BDFE030002B732E /* StoreItemView.swift in Sources */,
				9AFD0DEE2BDFCD25002B732E /* OrderTypeGridView.swift in Sources */,
				9A8D289D2BDEC64600026530 /* chef_deliveryApp.swift in Sources */,
				9A8D29272BDECCAC00026530 /* NavigationBar.swift in Sources */,
				9AFD0E282BDFDD92002B732E /* CarouselTabView.swift in Sources */,
			);
			runOnlyForDeploymentPostprocessing = 0;
		};
		9A8D28A62BDEC64700026530 /* Sources */ = {
			isa = PBXSourcesBuildPhase;
			buildActionMask = 2147483647;
			files = (
				9A8D28AF2BDEC64700026530 /* chef_deliveryTests.swift in Sources */,
			);
			runOnlyForDeploymentPostprocessing = 0;
		};
		9A8D28B02BDEC64700026530 /* Sources */ = {
			isa = PBXSourcesBuildPhase;
			buildActionMask = 2147483647;
			files = (
				9A8D28BB2BDEC64700026530 /* chef_deliveryUITestsLaunchTests.swift in Sources */,
				9A8D28B92BDEC64700026530 /* chef_deliveryUITests.swift in Sources */,
			);
			runOnlyForDeploymentPostprocessing = 0;
		};
/* End PBXSourcesBuildPhase section */

/* Begin PBXTargetDependency section */
		9A8D28AC2BDEC64700026530 /* PBXTargetDependency */ = {
			isa = PBXTargetDependency;
			target = 9A8D28982BDEC64600026530 /* chef-delivery */;
			targetProxy = 9A8D28AB2BDEC64700026530 /* PBXContainerItemProxy */;
		};
		9A8D28B62BDEC64700026530 /* PBXTargetDependency */ = {
			isa = PBXTargetDependency;
			target = 9A8D28982BDEC64600026530 /* chef-delivery */;
			targetProxy = 9A8D28B52BDEC64700026530 /* PBXContainerItemProxy */;
		};
/* End PBXTargetDependency section */

/* Begin XCBuildConfiguration section */
		9A8D28BC2BDEC64700026530 /* Debug */ = {
			isa = XCBuildConfiguration;
			buildSettings = {
				ALWAYS_SEARCH_USER_PATHS = NO;
				ASSETCATALOG_COMPILER_GENERATE_SWIFT_ASSET_SYMBOL_EXTENSIONS = YES;
				CLANG_ANALYZER_NONNULL = YES;
				CLANG_ANALYZER_NUMBER_OBJECT_CONVERSION = YES_AGGRESSIVE;
				CLANG_CXX_LANGUAGE_STANDARD = "gnu++20";
				CLANG_ENABLE_MODULES = YES;
				CLANG_ENABLE_OBJC_ARC = YES;
				CLANG_ENABLE_OBJC_WEAK = YES;
				CLANG_WARN_BLOCK_CAPTURE_AUTORELEASING = YES;
				CLANG_WARN_BOOL_CONVERSION = YES;
				CLANG_WARN_COMMA = YES;
				CLANG_WARN_CONSTANT_CONVERSION = YES;
				CLANG_WARN_DEPRECATED_OBJC_IMPLEMENTATIONS = YES;
				CLANG_WARN_DIRECT_OBJC_ISA_USAGE = YES_ERROR;
				CLANG_WARN_DOCUMENTATION_COMMENTS = YES;
				CLANG_WARN_EMPTY_BODY = YES;
				CLANG_WARN_ENUM_CONVERSION = YES;
				CLANG_WARN_INFINITE_RECURSION = YES;
				CLANG_WARN_INT_CONVERSION = YES;
				CLANG_WARN_NON_LITERAL_NULL_CONVERSION = YES;
				CLANG_WARN_OBJC_IMPLICIT_RETAIN_SELF = YES;
				CLANG_WARN_OBJC_LITERAL_CONVERSION = YES;
				CLANG_WARN_OBJC_ROOT_CLASS = YES_ERROR;
				CLANG_WARN_QUOTED_INCLUDE_IN_FRAMEWORK_HEADER = YES;
				CLANG_WARN_RANGE_LOOP_ANALYSIS = YES;
				CLANG_WARN_STRICT_PROTOTYPES = YES;
				CLANG_WARN_SUSPICIOUS_MOVE = YES;
				CLANG_WARN_UNGUARDED_AVAILABILITY = YES_AGGRESSIVE;
				CLANG_WARN_UNREACHABLE_CODE = YES;
				CLANG_WARN__DUPLICATE_METHOD_MATCH = YES;
				COPY_PHASE_STRIP = NO;
				DEBUG_INFORMATION_FORMAT = dwarf;
				ENABLE_STRICT_OBJC_MSGSEND = YES;
				ENABLE_TESTABILITY = YES;
				ENABLE_USER_SCRIPT_SANDBOXING = YES;
				GCC_C_LANGUAGE_STANDARD = gnu17;
				GCC_DYNAMIC_NO_PIC = NO;
				GCC_NO_COMMON_BLOCKS = YES;
				GCC_OPTIMIZATION_LEVEL = 0;
				GCC_PREPROCESSOR_DEFINITIONS = (
					"DEBUG=1",
					"$(inherited)",
				);
				GCC_WARN_64_TO_32_BIT_CONVERSION = YES;
				GCC_WARN_ABOUT_RETURN_TYPE = YES_ERROR;
				GCC_WARN_UNDECLARED_SELECTOR = YES;
				GCC_WARN_UNINITIALIZED_AUTOS = YES_AGGRESSIVE;
				GCC_WARN_UNUSED_FUNCTION = YES;
				GCC_WARN_UNUSED_VARIABLE = YES;
				LOCALIZATION_PREFERS_STRING_CATALOGS = YES;
				MTL_ENABLE_DEBUG_INFO = INCLUDE_SOURCE;
				MTL_FAST_MATH = YES;
				ONLY_ACTIVE_ARCH = YES;
				SWIFT_ACTIVE_COMPILATION_CONDITIONS = "DEBUG $(inherited)";
				SWIFT_OPTIMIZATION_LEVEL = "-Onone";
			};
			name = Debug;
		};
		9A8D28BD2BDEC64700026530 /* Release */ = {
			isa = XCBuildConfiguration;
			buildSettings = {
				ALWAYS_SEARCH_USER_PATHS = NO;
				ASSETCATALOG_COMPILER_GENERATE_SWIFT_ASSET_SYMBOL_EXTENSIONS = YES;
				CLANG_ANALYZER_NONNULL = YES;
				CLANG_ANALYZER_NUMBER_OBJECT_CONVERSION = YES_AGGRESSIVE;
				CLANG_CXX_LANGUAGE_STANDARD = "gnu++20";
				CLANG_ENABLE_MODULES = YES;
				CLANG_ENABLE_OBJC_ARC = YES;
				CLANG_ENABLE_OBJC_WEAK = YES;
				CLANG_WARN_BLOCK_CAPTURE_AUTORELEASING = YES;
				CLANG_WARN_BOOL_CONVERSION = YES;
				CLANG_WARN_COMMA = YES;
				CLANG_WARN_CONSTANT_CONVERSION = YES;
				CLANG_WARN_DEPRECATED_OBJC_IMPLEMENTATIONS = YES;
				CLANG_WARN_DIRECT_OBJC_ISA_USAGE = YES_ERROR;
				CLANG_WARN_DOCUMENTATION_COMMENTS = YES;
				CLANG_WARN_EMPTY_BODY = YES;
				CLANG_WARN_ENUM_CONVERSION = YES;
				CLANG_WARN_INFINITE_RECURSION = YES;
				CLANG_WARN_INT_CONVERSION = YES;
				CLANG_WARN_NON_LITERAL_NULL_CONVERSION = YES;
				CLANG_WARN_OBJC_IMPLICIT_RETAIN_SELF = YES;
				CLANG_WARN_OBJC_LITERAL_CONVERSION = YES;
				CLANG_WARN_OBJC_ROOT_CLASS = YES_ERROR;
				CLANG_WARN_QUOTED_INCLUDE_IN_FRAMEWORK_HEADER = YES;
				CLANG_WARN_RANGE_LOOP_ANALYSIS = YES;
				CLANG_WARN_STRICT_PROTOTYPES = YES;
				CLANG_WARN_SUSPICIOUS_MOVE = YES;
				CLANG_WARN_UNGUARDED_AVAILABILITY = YES_AGGRESSIVE;
				CLANG_WARN_UNREACHABLE_CODE = YES;
				CLANG_WARN__DUPLICATE_METHOD_MATCH = YES;
				COPY_PHASE_STRIP = NO;
				DEBUG_INFORMATION_FORMAT = "dwarf-with-dsym";
				ENABLE_NS_ASSERTIONS = NO;
				ENABLE_STRICT_OBJC_MSGSEND = YES;
				ENABLE_USER_SCRIPT_SANDBOXING = YES;
				GCC_C_LANGUAGE_STANDARD = gnu17;
				GCC_NO_COMMON_BLOCKS = YES;
				GCC_WARN_64_TO_32_BIT_CONVERSION = YES;
				GCC_WARN_ABOUT_RETURN_TYPE = YES_ERROR;
				GCC_WARN_UNDECLARED_SELECTOR = YES;
				GCC_WARN_UNINITIALIZED_AUTOS = YES_AGGRESSIVE;
				GCC_WARN_UNUSED_FUNCTION = YES;
				GCC_WARN_UNUSED_VARIABLE = YES;
				LOCALIZATION_PREFERS_STRING_CATALOGS = YES;
				MTL_ENABLE_DEBUG_INFO = NO;
				MTL_FAST_MATH = YES;
				SWIFT_COMPILATION_MODE = wholemodule;
			};
			name = Release;
		};
		9A8D28BF2BDEC64700026530 /* Debug */ = {
			isa = XCBuildConfiguration;
			buildSettings = {
				ASSETCATALOG_COMPILER_APPICON_NAME = AppIcon;
				ASSETCATALOG_COMPILER_GLOBAL_ACCENT_COLOR_NAME = AccentColor;
				CODE_SIGN_ENTITLEMENTS = "chef-delivery/chef_delivery.entitlements";
				CODE_SIGN_STYLE = Automatic;
				CURRENT_PROJECT_VERSION = 1;
				DEVELOPMENT_ASSET_PATHS = "\"chef-delivery/Preview Content\"";
				DEVELOPMENT_TEAM = TSA7DG7F44;
				ENABLE_HARDENED_RUNTIME = YES;
				ENABLE_PREVIEWS = YES;
				GENERATE_INFOPLIST_FILE = YES;
				"INFOPLIST_KEY_UIApplicationSceneManifest_Generation[sdk=iphoneos*]" = YES;
				"INFOPLIST_KEY_UIApplicationSceneManifest_Generation[sdk=iphonesimulator*]" = YES;
				"INFOPLIST_KEY_UIApplicationSupportsIndirectInputEvents[sdk=iphoneos*]" = YES;
				"INFOPLIST_KEY_UIApplicationSupportsIndirectInputEvents[sdk=iphonesimulator*]" = YES;
				"INFOPLIST_KEY_UILaunchScreen_Generation[sdk=iphoneos*]" = YES;
				"INFOPLIST_KEY_UILaunchScreen_Generation[sdk=iphonesimulator*]" = YES;
				"INFOPLIST_KEY_UIStatusBarStyle[sdk=iphoneos*]" = UIStatusBarStyleDefault;
				"INFOPLIST_KEY_UIStatusBarStyle[sdk=iphonesimulator*]" = UIStatusBarStyleDefault;
				INFOPLIST_KEY_UISupportedInterfaceOrientations_iPad = "UIInterfaceOrientationPortrait UIInterfaceOrientationPortraitUpsideDown UIInterfaceOrientationLandscapeLeft UIInterfaceOrientationLandscapeRight";
				INFOPLIST_KEY_UISupportedInterfaceOrientations_iPhone = "UIInterfaceOrientationPortrait UIInterfaceOrientationLandscapeLeft UIInterfaceOrientationLandscapeRight";
				IPHONEOS_DEPLOYMENT_TARGET = 17.4;
				LD_RUNPATH_SEARCH_PATHS = "@executable_path/Frameworks";
				"LD_RUNPATH_SEARCH_PATHS[sdk=macosx*]" = "@executable_path/../Frameworks";
				MACOSX_DEPLOYMENT_TARGET = 14.4;
				MARKETING_VERSION = 1.0;
				PRODUCT_BUNDLE_IDENTIFIER = "ts.chef-delivery";
				PRODUCT_NAME = "$(TARGET_NAME)";
				SDKROOT = auto;
				SUPPORTED_PLATFORMS = "iphoneos iphonesimulator macosx";
				SWIFT_EMIT_LOC_STRINGS = YES;
				SWIFT_VERSION = 5.0;
				TARGETED_DEVICE_FAMILY = "1,2";
			};
			name = Debug;
		};
		9A8D28C02BDEC64700026530 /* Release */ = {
			isa = XCBuildConfiguration;
			buildSettings = {
				ASSETCATALOG_COMPILER_APPICON_NAME = AppIcon;
				ASSETCATALOG_COMPILER_GLOBAL_ACCENT_COLOR_NAME = AccentColor;
				CODE_SIGN_ENTITLEMENTS = "chef-delivery/chef_delivery.entitlements";
				CODE_SIGN_STYLE = Automatic;
				CURRENT_PROJECT_VERSION = 1;
				DEVELOPMENT_ASSET_PATHS = "\"chef-delivery/Preview Content\"";
				DEVELOPMENT_TEAM = TSA7DG7F44;
				ENABLE_HARDENED_RUNTIME = YES;
				ENABLE_PREVIEWS = YES;
				GENERATE_INFOPLIST_FILE = YES;
				"INFOPLIST_KEY_UIApplicationSceneManifest_Generation[sdk=iphoneos*]" = YES;
				"INFOPLIST_KEY_UIApplicationSceneManifest_Generation[sdk=iphonesimulator*]" = YES;
				"INFOPLIST_KEY_UIApplicationSupportsIndirectInputEvents[sdk=iphoneos*]" = YES;
				"INFOPLIST_KEY_UIApplicationSupportsIndirectInputEvents[sdk=iphonesimulator*]" = YES;
				"INFOPLIST_KEY_UILaunchScreen_Generation[sdk=iphoneos*]" = YES;
				"INFOPLIST_KEY_UILaunchScreen_Generation[sdk=iphonesimulator*]" = YES;
				"INFOPLIST_KEY_UIStatusBarStyle[sdk=iphoneos*]" = UIStatusBarStyleDefault;
				"INFOPLIST_KEY_UIStatusBarStyle[sdk=iphonesimulator*]" = UIStatusBarStyleDefault;
				INFOPLIST_KEY_UISupportedInterfaceOrientations_iPad = "UIInterfaceOrientationPortrait UIInterfaceOrientationPortraitUpsideDown UIInterfaceOrientationLandscapeLeft UIInterfaceOrientationLandscapeRight";
				INFOPLIST_KEY_UISupportedInterfaceOrientations_iPhone = "UIInterfaceOrientationPortrait UIInterfaceOrientationLandscapeLeft UIInterfaceOrientationLandscapeRight";
				IPHONEOS_DEPLOYMENT_TARGET = 17.4;
				LD_RUNPATH_SEARCH_PATHS = "@executable_path/Frameworks";
				"LD_RUNPATH_SEARCH_PATHS[sdk=macosx*]" = "@executable_path/../Frameworks";
				MACOSX_DEPLOYMENT_TARGET = 14.4;
				MARKETING_VERSION = 1.0;
				PRODUCT_BUNDLE_IDENTIFIER = "ts.chef-delivery";
				PRODUCT_NAME = "$(TARGET_NAME)";
				SDKROOT = auto;
				SUPPORTED_PLATFORMS = "iphoneos iphonesimulator macosx";
				SWIFT_EMIT_LOC_STRINGS = YES;
				SWIFT_VERSION = 5.0;
				TARGETED_DEVICE_FAMILY = "1,2";
			};
			name = Release;
		};
		9A8D28C22BDEC64700026530 /* Debug */ = {
			isa = XCBuildConfiguration;
			buildSettings = {
				ALWAYS_EMBED_SWIFT_STANDARD_LIBRARIES = YES;
				BUNDLE_LOADER = "$(TEST_HOST)";
				CODE_SIGN_STYLE = Automatic;
				CURRENT_PROJECT_VERSION = 1;
				DEVELOPMENT_TEAM = TSA7DG7F44;
				GENERATE_INFOPLIST_FILE = YES;
				IPHONEOS_DEPLOYMENT_TARGET = 17.4;
				MACOSX_DEPLOYMENT_TARGET = 14.4;
				MARKETING_VERSION = 1.0;
				PRODUCT_BUNDLE_IDENTIFIER = "ts.chef-deliveryTests";
				PRODUCT_NAME = "$(TARGET_NAME)";
				SDKROOT = auto;
				SUPPORTED_PLATFORMS = "iphoneos iphonesimulator macosx";
				SWIFT_EMIT_LOC_STRINGS = NO;
				SWIFT_VERSION = 5.0;
				TARGETED_DEVICE_FAMILY = "1,2";
				TEST_HOST = "$(BUILT_PRODUCTS_DIR)/chef-delivery.app/$(BUNDLE_EXECUTABLE_FOLDER_PATH)/chef-delivery";
			};
			name = Debug;
		};
		9A8D28C32BDEC64700026530 /* Release */ = {
			isa = XCBuildConfiguration;
			buildSettings = {
				ALWAYS_EMBED_SWIFT_STANDARD_LIBRARIES = YES;
				BUNDLE_LOADER = "$(TEST_HOST)";
				CODE_SIGN_STYLE = Automatic;
				CURRENT_PROJECT_VERSION = 1;
				DEVELOPMENT_TEAM = TSA7DG7F44;
				GENERATE_INFOPLIST_FILE = YES;
				IPHONEOS_DEPLOYMENT_TARGET = 17.4;
				MACOSX_DEPLOYMENT_TARGET = 14.4;
				MARKETING_VERSION = 1.0;
				PRODUCT_BUNDLE_IDENTIFIER = "ts.chef-deliveryTests";
				PRODUCT_NAME = "$(TARGET_NAME)";
				SDKROOT = auto;
				SUPPORTED_PLATFORMS = "iphoneos iphonesimulator macosx";
				SWIFT_EMIT_LOC_STRINGS = NO;
				SWIFT_VERSION = 5.0;
				TARGETED_DEVICE_FAMILY = "1,2";
				TEST_HOST = "$(BUILT_PRODUCTS_DIR)/chef-delivery.app/$(BUNDLE_EXECUTABLE_FOLDER_PATH)/chef-delivery";
			};
			name = Release;
		};
		9A8D28C52BDEC64700026530 /* Debug */ = {
			isa = XCBuildConfiguration;
			buildSettings = {
				ALWAYS_EMBED_SWIFT_STANDARD_LIBRARIES = YES;
				CODE_SIGN_STYLE = Automatic;
				CURRENT_PROJECT_VERSION = 1;
				DEVELOPMENT_TEAM = TSA7DG7F44;
				GENERATE_INFOPLIST_FILE = YES;
				IPHONEOS_DEPLOYMENT_TARGET = 17.4;
				MACOSX_DEPLOYMENT_TARGET = 14.4;
				MARKETING_VERSION = 1.0;
				PRODUCT_BUNDLE_IDENTIFIER = "ts.chef-deliveryUITests";
				PRODUCT_NAME = "$(TARGET_NAME)";
				SDKROOT = auto;
				SUPPORTED_PLATFORMS = "iphoneos iphonesimulator macosx";
				SWIFT_EMIT_LOC_STRINGS = NO;
				SWIFT_VERSION = 5.0;
				TARGETED_DEVICE_FAMILY = "1,2";
				TEST_TARGET_NAME = "chef-delivery";
			};
			name = Debug;
		};
		9A8D28C62BDEC64700026530 /* Release */ = {
			isa = XCBuildConfiguration;
			buildSettings = {
				ALWAYS_EMBED_SWIFT_STANDARD_LIBRARIES = YES;
				CODE_SIGN_STYLE = Automatic;
				CURRENT_PROJECT_VERSION = 1;
				DEVELOPMENT_TEAM = TSA7DG7F44;
				GENERATE_INFOPLIST_FILE = YES;
				IPHONEOS_DEPLOYMENT_TARGET = 17.4;
				MACOSX_DEPLOYMENT_TARGET = 14.4;
				MARKETING_VERSION = 1.0;
				PRODUCT_BUNDLE_IDENTIFIER = "ts.chef-deliveryUITests";
				PRODUCT_NAME = "$(TARGET_NAME)";
				SDKROOT = auto;
				SUPPORTED_PLATFORMS = "iphoneos iphonesimulator macosx";
				SWIFT_EMIT_LOC_STRINGS = NO;
				SWIFT_VERSION = 5.0;
				TARGETED_DEVICE_FAMILY = "1,2";
				TEST_TARGET_NAME = "chef-delivery";
			};
			name = Release;
		};
/* End XCBuildConfiguration section */

/* Begin XCConfigurationList section */
		9A8D28942BDEC64600026530 /* Build configuration list for PBXProject "chef-delivery" */ = {
			isa = XCConfigurationList;
			buildConfigurations = (
				9A8D28BC2BDEC64700026530 /* Debug */,
				9A8D28BD2BDEC64700026530 /* Release */,
			);
			defaultConfigurationIsVisible = 0;
			defaultConfigurationName = Release;
		};
		9A8D28BE2BDEC64700026530 /* Build configuration list for PBXNativeTarget "chef-delivery" */ = {
			isa = XCConfigurationList;
			buildConfigurations = (
				9A8D28BF2BDEC64700026530 /* Debug */,
				9A8D28C02BDEC64700026530 /* Release */,
			);
			defaultConfigurationIsVisible = 0;
			defaultConfigurationName = Release;
		};
		9A8D28C12BDEC64700026530 /* Build configuration list for PBXNativeTarget "chef-deliveryTests" */ = {
			isa = XCConfigurationList;
			buildConfigurations = (
				9A8D28C22BDEC64700026530 /* Debug */,
				9A8D28C32BDEC64700026530 /* Release */,
			);
			defaultConfigurationIsVisible = 0;
			defaultConfigurationName = Release;
		};
		9A8D28C42BDEC64700026530 /* Build configuration list for PBXNativeTarget "chef-deliveryUITests" */ = {
			isa = XCConfigurationList;
			buildConfigurations = (
				9A8D28C52BDEC64700026530 /* Debug */,
				9A8D28C62BDEC64700026530 /* Release */,
			);
			defaultConfigurationIsVisible = 0;
			defaultConfigurationName = Release;
		};
/* End XCConfigurationList section */
	};
	rootObject = 9A8D28912BDEC64600026530 /* Project object */;
}
